// !$*UTF8*$!
{
	archiveVersion = 1;
	classes = {
	};
	objectVersion = 50;
	objects = {

/* Begin PBXBuildFile section */
		3A9762FA23E12CE2003A89A7 /* AppDelegate.swift in Sources */ = {isa = PBXBuildFile; fileRef = 3A9762F923E12CE2003A89A7 /* AppDelegate.swift */; };
		3A9762FC23E12CE2003A89A7 /* SceneDelegate.swift in Sources */ = {isa = PBXBuildFile; fileRef = 3A9762FB23E12CE2003A89A7 /* SceneDelegate.swift */; };
		3A97630123E12CE2003A89A7 /* Main.storyboard in Resources */ = {isa = PBXBuildFile; fileRef = 3A9762FF23E12CE2003A89A7 /* Main.storyboard */; };
		3A97630323E12CE2003A89A7 /* Assets.xcassets in Resources */ = {isa = PBXBuildFile; fileRef = 3A97630223E12CE2003A89A7 /* Assets.xcassets */; };
		3A97630623E12CE2003A89A7 /* LaunchScreen.storyboard in Resources */ = {isa = PBXBuildFile; fileRef = 3A97630423E12CE2003A89A7 /* LaunchScreen.storyboard */; };
		3A97631223E12EEE003A89A7 /* ColorsTableViewController.swift in Sources */ = {isa = PBXBuildFile; fileRef = 3A97631123E12EEE003A89A7 /* ColorsTableViewController.swift */; };
		3A97631423E12F4C003A89A7 /* ColorsDetailViewController.swift in Sources */ = {isa = PBXBuildFile; fileRef = 3A97631323E12F4C003A89A7 /* ColorsDetailViewController.swift */; };
		3A97631623E1360D003A89A7 /* color.swift in Sources */ = {isa = PBXBuildFile; fileRef = 3A97631523E1360D003A89A7 /* color.swift */; };
/* End PBXBuildFile section */

/* Begin PBXFileReference section */
		3A9762F623E12CE2003A89A7 /* Rainbow.app */ = {isa = PBXFileReference; explicitFileType = wrapper.application; includeInIndex = 0; path = Rainbow.app; sourceTree = BUILT_PRODUCTS_DIR; };
		3A9762F923E12CE2003A89A7 /* AppDelegate.swift */ = {isa = PBXFileReference; lastKnownFileType = sourcecode.swift; path = AppDelegate.swift; sourceTree = "<group>"; };
		3A9762FB23E12CE2003A89A7 /* SceneDelegate.swift */ = {isa = PBXFileReference; lastKnownFileType = sourcecode.swift; path = SceneDelegate.swift; sourceTree = "<group>"; };
		3A97630023E12CE2003A89A7 /* Base */ = {isa = PBXFileReference; lastKnownFileType = file.storyboard; name = Base; path = Base.lproj/Main.storyboard; sourceTree = "<group>"; };
		3A97630223E12CE2003A89A7 /* Assets.xcassets */ = {isa = PBXFileReference; lastKnownFileType = folder.assetcatalog; path = Assets.xcassets; sourceTree = "<group>"; };
		3A97630523E12CE2003A89A7 /* Base */ = {isa = PBXFileReference; lastKnownFileType = file.storyboard; name = Base; path = Base.lproj/LaunchScreen.storyboard; sourceTree = "<group>"; };
		3A97630723E12CE2003A89A7 /* Info.plist */ = {isa = PBXFileReference; lastKnownFileType = text.plist.xml; path = Info.plist; sourceTree = "<group>"; };
		3A97631123E12EEE003A89A7 /* ColorsTableViewController.swift */ = {isa = PBXFileReference; lastKnownFileType = sourcecode.swift; path = ColorsTableViewController.swift; sourceTree = "<group>"; };
		3A97631323E12F4C003A89A7 /* ColorsDetailViewController.swift */ = {isa = PBXFileReference; lastKnownFileType = sourcecode.swift; path = ColorsDetailViewController.swift; sourceTree = "<group>"; };
		3A97631523E1360D003A89A7 /* color.swift */ = {isa = PBXFileReference; lastKnownFileType = sourcecode.swift; path = color.swift; sourceTree = "<group>"; };
/* End PBXFileReference section */

/* Begin PBXFrameworksBuildPhase section */
		3A9762F323E12CE2003A89A7 /* Frameworks */ = {
			isa = PBXFrameworksBuildPhase;
			buildActionMask = 2147483647;
			files = (
			);
			runOnlyForDeploymentPostprocessing = 0;
		};
/* End PBXFrameworksBuildPhase section */

/* Begin PBXGroup section */
		3A9762ED23E12CE2003A89A7 = {
			isa = PBXGroup;
			children = (
				3A9762F823E12CE2003A89A7 /* Rainbow */,
				3A9762F723E12CE2003A89A7 /* Products */,
			);
			sourceTree = "<group>";
		};
		3A9762F723E12CE2003A89A7 /* Products */ = {
			isa = PBXGroup;
			children = (
				3A9762F623E12CE2003A89A7 /* Rainbow.app */,
			);
			name = Products;
			sourceTree = "<group>";
		};
		3A9762F823E12CE2003A89A7 /* Rainbow */ = {
			isa = PBXGroup;
			children = (
				3A97631023E12D1B003A89A7 /* Models */,
				3A97630F23E12D16003A89A7 /* Views */,
				3A97630E23E12D08003A89A7 /* View Controller */,
				3A97630D23E12CF5003A89A7 /* Resources */,
				3A97630723E12CE2003A89A7 /* Info.plist */,
			);
			path = Rainbow;
			sourceTree = "<group>";
		};
		3A97630D23E12CF5003A89A7 /* Resources */ = {
			isa = PBXGroup;
			children = (
				3A9762F923E12CE2003A89A7 /* AppDelegate.swift */,
				3A9762FB23E12CE2003A89A7 /* SceneDelegate.swift */,
				3A97630223E12CE2003A89A7 /* Assets.xcassets */,
				3A97630423E12CE2003A89A7 /* LaunchScreen.storyboard */,
			);
			path = Resources;
			sourceTree = "<group>";
		};
		3A97630E23E12D08003A89A7 /* View Controller */ = {
			isa = PBXGroup;
			children = (
				3A97631123E12EEE003A89A7 /* ColorsTableViewController.swift */,
				3A97631323E12F4C003A89A7 /* ColorsDetailViewController.swift */,
			);
			path = "View Controller";
			sourceTree = "<group>";
		};
		3A97630F23E12D16003A89A7 /* Views */ = {
			isa = PBXGroup;
			children = (
				3A9762FF23E12CE2003A89A7 /* Main.storyboard */,
			);
			path = Views;
			sourceTree = "<group>";
		};
		3A97631023E12D1B003A89A7 /* Models */ = {
			isa = PBXGroup;
			children = (
				3A97631523E1360D003A89A7 /* color.swift */,
			);
			path = Models;
			sourceTree = "<group>";
		};
/* End PBXGroup section */

/* Begin PBXNativeTarget section */
		3A9762F523E12CE2003A89A7 /* Rainbow */ = {
			isa = PBXNativeTarget;
			buildConfigurationList = 3A97630A23E12CE2003A89A7 /* Build configuration list for PBXNativeTarget "Rainbow" */;
			buildPhases = (
				3A9762F223E12CE2003A89A7 /* Sources */,
				3A9762F323E12CE2003A89A7 /* Frameworks */,
				3A9762F423E12CE2003A89A7 /* Resources */,
			);
			buildRules = (
			);
			dependencies = (
			);
			name = Rainbow;
			productName = Rainbow;
			productReference = 3A9762F623E12CE2003A89A7 /* Rainbow.app */;
			productType = "com.apple.product-type.application";
		};
/* End PBXNativeTarget section */

/* Begin PBXProject section */
		3A9762EE23E12CE2003A89A7 /* Project object */ = {
			isa = PBXProject;
			attributes = {
				LastSwiftUpdateCheck = 1130;
				LastUpgradeCheck = 1130;
				ORGANIZATIONNAME = thecoderpilot;
				TargetAttributes = {
					3A9762F523E12CE2003A89A7 = {
						CreatedOnToolsVersion = 11.3.1;
					};
				};
			};
			buildConfigurationList = 3A9762F123E12CE2003A89A7 /* Build configuration list for PBXProject "Rainbow" */;
			compatibilityVersion = "Xcode 9.3";
			developmentRegion = en;
			hasScannedForEncodings = 0;
			knownRegions = (
				en,
				Base,
			);
			mainGroup = 3A9762ED23E12CE2003A89A7;
			productRefGroup = 3A9762F723E12CE2003A89A7 /* Products */;
			projectDirPath = "";
			projectRoot = "";
			targets = (
				3A9762F523E12CE2003A89A7 /* Rainbow */,
			);
		};
/* End PBXProject section */

/* Begin PBXResourcesBuildPhase section */
		3A9762F423E12CE2003A89A7 /* Resources */ = {
			isa = PBXResourcesBuildPhase;
			buildActionMask = 2147483647;
			files = (
				3A97630623E12CE2003A89A7 /* LaunchScreen.storyboard in Resources */,
				3A97630323E12CE2003A89A7 /* Assets.xcassets in Resources */,
				3A97630123E12CE2003A89A7 /* Main.storyboard in Resources */,
			);
			runOnlyForDeploymentPostprocessing = 0;
		};
/* End PBXResourcesBuildPhase section */

/* Begin PBXSourcesBuildPhase section */
		3A9762F223E12CE2003A89A7 /* Sources */ = {
			isa = PBXSourcesBuildPhase;
			buildActionMask = 2147483647;
			files = (
				3A97631423E12F4C003A89A7 /* ColorsDetailViewController.swift in Sources */,
				3A9762FA23E12CE2003A89A7 /* AppDelegate.swift in Sources */,
				3A9762FC23E12CE2003A89A7 /* SceneDelegate.swift in Sources */,
				3A97631623E1360D003A89A7 /* color.swift in Sources */,
				3A97631223E12EEE003A89A7 /* ColorsTableViewController.swift in Sources */,
			);
			runOnlyForDeploymentPostprocessing = 0;
		};
/* End PBXSourcesBuildPhase section */

/* Begin PBXVariantGroup section */
		3A9762FF23E12CE2003A89A7 /* Main.storyboard */ = {
			isa = PBXVariantGroup;
			children = (
				3A97630023E12CE2003A89A7 /* Base */,
			);
			name = Main.storyboard;
			sourceTree = "<group>";
		};
		3A97630423E12CE2003A89A7 /* LaunchScreen.storyboard */ = {
			isa = PBXVariantGroup;
			children = (
				3A97630523E12CE2003A89A7 /* Base */,
			);
			name = LaunchScreen.storyboard;
			sourceTree = "<group>";
		};
/* End PBXVariantGroup section */

/* Begin XCBuildConfiguration section */
		3A97630823E12CE2003A89A7 /* Debug */ = {
			isa = XCBuildConfiguration;
			buildSettings = {
				ALWAYS_SEARCH_USER_PATHS = NO;
				CLANG_ANALYZER_NONNULL = YES;
				CLANG_ANALYZER_NUMBER_OBJECT_CONVERSION = YES_AGGRESSIVE;
				CLANG_CXX_LANGUAGE_STANDARD = "gnu++14";
				CLANG_CXX_LIBRARY = "libc++";
				CLANG_ENABLE_MODULES = YES;
				CLANG_ENABLE_OBJC_ARC = YES;
				CLANG_ENABLE_OBJC_WEAK = YES;
				CLANG_WARN_BLOCK_CAPTURE_AUTORELEASING = YES;
				CLANG_WARN_BOOL_CONVERSION = YES;
				CLANG_WARN_COMMA = YES;
				CLANG_WARN_CONSTANT_CONVERSION = YES;
				CLANG_WARN_DEPRECATED_OBJC_IMPLEMENTATIONS = YES;
				CLANG_WARN_DIRECT_OBJC_ISA_USAGE = YES_ERROR;
				CLANG_WARN_DOCUMENTATION_COMMENTS = YES;
				CLANG_WARN_EMPTY_BODY = YES;
				CLANG_WARN_ENUM_CONVERSION = YES;
				CLANG_WARN_INFINITE_RECURSION = YES;
				CLANG_WARN_INT_CONVERSION = YES;
				CLANG_WARN_NON_LITERAL_NULL_CONVERSION = YES;
				CLANG_WARN_OBJC_IMPLICIT_RETAIN_SELF = YES;
				CLANG_WARN_OBJC_LITERAL_CONVERSION = YES;
				CLANG_WARN_OBJC_ROOT_CLASS = YES_ERROR;
				CLANG_WARN_RANGE_LOOP_ANALYSIS = YES;
				CLANG_WARN_STRICT_PROTOTYPES = YES;
				CLANG_WARN_SUSPICIOUS_MOVE = YES;
				CLANG_WARN_UNGUARDED_AVAILABILITY = YES_AGGRESSIVE;
				CLANG_WARN_UNREACHABLE_CODE = YES;
				CLANG_WARN__DUPLICATE_METHOD_MATCH = YES;
				COPY_PHASE_STRIP = NO;
				DEBUG_INFORMATION_FORMAT = dwarf;
				ENABLE_STRICT_OBJC_MSGSEND = YES;
				ENABLE_TESTABILITY = YES;
				GCC_C_LANGUAGE_STANDARD = gnu11;
				GCC_DYNAMIC_NO_PIC = NO;
				GCC_NO_COMMON_BLOCKS = YES;
				GCC_OPTIMIZATION_LEVEL = 0;
				GCC_PREPROCESSOR_DEFINITIONS = (
					"DEBUG=1",
					"$(inherited)",
				);
				GCC_WARN_64_TO_32_BIT_CONVERSION = YES;
				GCC_WARN_ABOUT_RETURN_TYPE = YES_ERROR;
				GCC_WARN_UNDECLARED_SELECTOR = YES;
				GCC_WARN_UNINITIALIZED_AUTOS = YES_AGGRESSIVE;
				GCC_WARN_UNUSED_FUNCTION = YES;
				GCC_WARN_UNUSED_VARIABLE = YES;
				IPHONEOS_DEPLOYMENT_TARGET = 13.2;
				MTL_ENABLE_DEBUG_INFO = INCLUDE_SOURCE;
				MTL_FAST_MATH = YES;
				ONLY_ACTIVE_ARCH = YES;
				SDKROOT = iphoneos;
				SWIFT_ACTIVE_COMPILATION_CONDITIONS = DEBUG;
				SWIFT_OPTIMIZATION_LEVEL = "-Onone";
			};
			name = Debug;
		};
		3A97630923E12CE2003A89A7 /* Release */ = {
			isa = XCBuildConfiguration;
			buildSettings = {
				ALWAYS_SEARCH_USER_PATHS = NO;
				CLANG_ANALYZER_NONNULL = YES;
				CLANG_ANALYZER_NUMBER_OBJECT_CONVERSION = YES_AGGRESSIVE;
				CLANG_CXX_LANGUAGE_STANDARD = "gnu++14";
				CLANG_CXX_LIBRARY = "libc++";
				CLANG_ENABLE_MODULES = YES;
				CLANG_ENABLE_OBJC_ARC = YES;
				CLANG_ENABLE_OBJC_WEAK = YES;
				CLANG_WARN_BLOCK_CAPTURE_AUTORELEASING = YES;
				CLANG_WARN_BOOL_CONVERSION = YES;
				CLANG_WARN_COMMA = YES;
				CLANG_WARN_CONSTANT_CONVERSION = YES;
				CLANG_WARN_DEPRECATED_OBJC_IMPLEMENTATIONS = YES;
				CLANG_WARN_DIRECT_OBJC_ISA_USAGE = YES_ERROR;
				CLANG_WARN_DOCUMENTATION_COMMENTS = YES;
				CLANG_WARN_EMPTY_BODY = YES;
				CLANG_WARN_ENUM_CONVERSION = YES;
				CLANG_WARN_INFINITE_RECURSION = YES;
				CLANG_WARN_INT_CONVERSION = YES;
				CLANG_WARN_NON_LITERAL_NULL_CONVERSION = YES;
				CLANG_WARN_OBJC_IMPLICIT_RETAIN_SELF = YES;
				CLANG_WARN_OBJC_LITERAL_CONVERSION = YES;
				CLANG_WARN_OBJC_ROOT_CLASS = YES_ERROR;
				CLANG_WARN_RANGE_LOOP_ANALYSIS = YES;
				CLANG_WARN_STRICT_PROTOTYPES = YES;
				CLANG_WARN_SUSPICIOUS_MOVE = YES;
				CLANG_WARN_UNGUARDED_AVAILABILITY = YES_AGGRESSIVE;
				CLANG_WARN_UNREACHABLE_CODE = YES;
				CLANG_WARN__DUPLICATE_METHOD_MATCH = YES;
				COPY_PHASE_STRIP = NO;
				DEBUG_INFORMATION_FORMAT = "dwarf-with-dsym";
				ENABLE_NS_ASSERTIONS = NO;
				ENABLE_STRICT_OBJC_MSGSEND = YES;
				GCC_C_LANGUAGE_STANDARD = gnu11;
				GCC_NO_COMMON_BLOCKS = YES;
				GCC_WARN_64_TO_32_BIT_CONVERSION = YES;
				GCC_WARN_ABOUT_RETURN_TYPE = YES_ERROR;
				GCC_WARN_UNDECLARED_SELECTOR = YES;
				GCC_WARN_UNINITIALIZED_AUTOS = YES_AGGRESSIVE;
				GCC_WARN_UNUSED_FUNCTION = YES;
				GCC_WARN_UNUSED_VARIABLE = YES;
				IPHONEOS_DEPLOYMENT_TARGET = 13.2;
				MTL_ENABLE_DEBUG_INFO = NO;
				MTL_FAST_MATH = YES;
				SDKROOT = iphoneos;
				SWIFT_COMPILATION_MODE = wholemodule;
				SWIFT_OPTIMIZATION_LEVEL = "-O";
				VALIDATE_PRODUCT = YES;
			};
			name = Release;
		};
		3A97630B23E12CE2003A89A7 /* Debug */ = {
			isa = XCBuildConfiguration;
			buildSettings = {
				ASSETCATALOG_COMPILER_APPICON_NAME = AppIcon;
				CODE_SIGN_STYLE = Automatic;
				DEVELOPMENT_TEAM = MMSJ2DXRDG;
				INFOPLIST_FILE = Rainbow/Info.plist;
				LD_RUNPATH_SEARCH_PATHS = (
					"$(inherited)",
					"@executable_path/Frameworks",
				);
				PRODUCT_BUNDLE_IDENTIFIER = com.thecoderpilot.Rainbow;
				PRODUCT_NAME = "$(TARGET_NAME)";
				SWIFT_VERSION = 5.0;
				TARGETED_DEVICE_FAMILY = "1,2";
			};
			name = Debug;
		};
		3A97630C23E12CE2003A89A7 /* Release */ = {
			isa = XCBuildConfiguration;
			buildSettings = {
				ASSETCATALOG_COMPILER_APPICON_NAME = AppIcon;
				CODE_SIGN_STYLE = Automatic;
				DEVELOPMENT_TEAM = MMSJ2DXRDG;
				INFOPLIST_FILE = Rainbow/Info.plist;
				LD_RUNPATH_SEARCH_PATHS = (
					"$(inherited)",
					"@executable_path/Frameworks",
				);
				PRODUCT_BUNDLE_IDENTIFIER = com.thecoderpilot.Rainbow;
				PRODUCT_NAME = "$(TARGET_NAME)";
				SWIFT_VERSION = 5.0;
				TARGETED_DEVICE_FAMILY = "1,2";
			};
			name = Release;
		};
/* End XCBuildConfiguration section */

/* Begin XCConfigurationList section */
		3A9762F123E12CE2003A89A7 /* Build configuration list for PBXProject "Rainbow" */ = {
			isa = XCConfigurationList;
			buildConfigurations = (
				3A97630823E12CE2003A89A7 /* Debug */,
				3A97630923E12CE2003A89A7 /* Release */,
			);
			defaultConfigurationIsVisible = 0;
			defaultConfigurationName = Release;
		};
		3A97630A23E12CE2003A89A7 /* Build configuration list for PBXNativeTarget "Rainbow" */ = {
			isa = XCConfigurationList;
			buildConfigurations = (
				3A97630B23E12CE2003A89A7 /* Debug */,
				3A97630C23E12CE2003A89A7 /* Release */,
			);
			defaultConfigurationIsVisible = 0;
			defaultConfigurationName = Release;
		};
/* End XCConfigurationList section */
	};
	rootObject = 3A9762EE23E12CE2003A89A7 /* Project object */;
}
